// !$*UTF8*$!
{
	archiveVersion = 1;
	classes = {
	};
	objectVersion = 50;
	objects = {

/* Begin PBXBuildFile section */
		A31C5F752575477E00AFB16F /* main.cpp in Sources */ = {isa = PBXBuildFile; fileRef = A31C5F742575477E00AFB16F /* main.cpp */; };
		A31C5F7D25763C4800AFB16F /* libomp.dylib in Frameworks */ = {isa = PBXBuildFile; fileRef = A31C5F7C25763C4800AFB16F /* libomp.dylib */; };
/* End PBXBuildFile section */

/* Begin PBXCopyFilesBuildPhase section */
		A31C5F6F2575477E00AFB16F /* CopyFiles */ = {
			isa = PBXCopyFilesBuildPhase;
			buildActionMask = 2147483647;
			dstPath = /usr/share/man/man1/;
			dstSubfolderSpec = 0;
			files = (
			);
			runOnlyForDeploymentPostprocessing = 1;
		};
/* End PBXCopyFilesBuildPhase section */

/* Begin PBXFileReference section */
		A31C5F712575477E00AFB16F /* task4 */ = {isa = PBXFileReference; explicitFileType = "compiled.mach-o.executable"; includeInIndex = 0; path = task4; sourceTree = BUILT_PRODUCTS_DIR; };
		A31C5F742575477E00AFB16F /* main.cpp */ = {isa = PBXFileReference; lastKnownFileType = sourcecode.cpp.cpp; path = main.cpp; sourceTree = "<group>"; };
		A31C5F7C25763C4800AFB16F /* libomp.dylib */ = {isa = PBXFileReference; lastKnownFileType = "compiled.mach-o.dylib"; name = libomp.dylib; path = ../../../../../../usr/local/Cellar/libomp/11.0.0/lib/libomp.dylib; sourceTree = "<group>"; };
		A31C5F7E25763F0A00AFB16F /* task4.entitlements */ = {isa = PBXFileReference; lastKnownFileType = text.plist.entitlements; path = task4.entitlements; sourceTree = "<group>"; };
/* End PBXFileReference section */

/* Begin PBXFrameworksBuildPhase section */
		A31C5F6E2575477E00AFB16F /* Frameworks */ = {
			isa = PBXFrameworksBuildPhase;
			buildActionMask = 2147483647;
			files = (
				A31C5F7D25763C4800AFB16F /* libomp.dylib in Frameworks */,
			);
			runOnlyForDeploymentPostprocessing = 0;
		};
/* End PBXFrameworksBuildPhase section */

/* Begin PBXGroup section */
		A31C5F682575477E00AFB16F = {
			isa = PBXGroup;
			children = (
				A31C5F732575477E00AFB16F /* task4 */,
				A31C5F722575477E00AFB16F /* Products */,
				A31C5F7B25763C4800AFB16F /* Frameworks */,
			);
			sourceTree = "<group>";
		};
		A31C5F722575477E00AFB16F /* Products */ = {
			isa = PBXGroup;
			children = (
				A31C5F712575477E00AFB16F /* task4 */,
			);
			name = Products;
			sourceTree = "<group>";
		};
		A31C5F732575477E00AFB16F /* task4 */ = {
			isa = PBXGroup;
			children = (
				A31C5F7E25763F0A00AFB16F /* task4.entitlements */,
				A31C5F742575477E00AFB16F /* main.cpp */,
			);
			path = task4;
			sourceTree = "<group>";
		};
		A31C5F7B25763C4800AFB16F /* Frameworks */ = {
			isa = PBXGroup;
			children = (
				A31C5F7C25763C4800AFB16F /* libomp.dylib */,
			);
			name = Frameworks;
			sourceTree = "<group>";
		};
/* End PBXGroup section */

/* Begin PBXNativeTarget section */
		A31C5F702575477E00AFB16F /* task4 */ = {
			isa = PBXNativeTarget;
			buildConfigurationList = A31C5F782575477E00AFB16F /* Build configuration list for PBXNativeTarget "task4" */;
			buildPhases = (
				A31C5F6D2575477E00AFB16F /* Sources */,
				A31C5F6E2575477E00AFB16F /* Frameworks */,
				A31C5F6F2575477E00AFB16F /* CopyFiles */,
			);
			buildRules = (
			);
			dependencies = (
			);
			name = task4;
			productName = task4;
			productReference = A31C5F712575477E00AFB16F /* task4 */;
			productType = "com.apple.product-type.tool";
		};
/* End PBXNativeTarget section */

/* Begin PBXProject section */
		A31C5F692575477E00AFB16F /* Project object */ = {
			isa = PBXProject;
			attributes = {
				LastUpgradeCheck = 1140;
				ORGANIZATIONNAME = "Егор Гончаров";
				TargetAttributes = {
					A31C5F702575477E00AFB16F = {
						CreatedOnToolsVersion = 11.4.1;
					};
				};
			};
			buildConfigurationList = A31C5F6C2575477E00AFB16F /* Build configuration list for PBXProject "task4" */;
			compatibilityVersion = "Xcode 9.3";
			developmentRegion = en;
			hasScannedForEncodings = 0;
			knownRegions = (
				en,
				Base,
			);
			mainGroup = A31C5F682575477E00AFB16F;
			productRefGroup = A31C5F722575477E00AFB16F /* Products */;
			projectDirPath = "";
			projectRoot = "";
			targets = (
				A31C5F702575477E00AFB16F /* task4 */,
			);
		};
/* End PBXProject section */

/* Begin PBXSourcesBuildPhase section */
		A31C5F6D2575477E00AFB16F /* Sources */ = {
			isa = PBXSourcesBuildPhase;
			buildActionMask = 2147483647;
			files = (
				A31C5F752575477E00AFB16F /* main.cpp in Sources */,
			);
			runOnlyForDeploymentPostprocessing = 0;
		};
/* End PBXSourcesBuildPhase section */

/* Begin XCBuildConfiguration section */
		A31C5F762575477E00AFB16F /* Debug */ = {
			isa = XCBuildConfiguration;
			buildSettings = {
				ALWAYS_SEARCH_USER_PATHS = NO;
				CLANG_ANALYZER_NONNULL = YES;
				CLANG_ANALYZER_NUMBER_OBJECT_CONVERSION = YES_AGGRESSIVE;
				CLANG_CXX_LANGUAGE_STANDARD = "gnu++14";
				CLANG_CXX_LIBRARY = "libc++";
				CLANG_ENABLE_MODULES = YES;
				CLANG_ENABLE_OBJC_ARC = YES;
				CLANG_ENABLE_OBJC_WEAK = YES;
				CLANG_WARN_BLOCK_CAPTURE_AUTORELEASING = YES;
				CLANG_WARN_BOOL_CONVERSION = YES;
				CLANG_WARN_COMMA = YES;
				CLANG_WARN_CONSTANT_CONVERSION = YES;
				CLANG_WARN_DEPRECATED_OBJC_IMPLEMENTATIONS = YES;
				CLANG_WARN_DIRECT_OBJC_ISA_USAGE = YES_ERROR;
				CLANG_WARN_DOCUMENTATION_COMMENTS = YES;
				CLANG_WARN_EMPTY_BODY = YES;
				CLANG_WARN_ENUM_CONVERSION = YES;
				CLANG_WARN_INFINITE_RECURSION = YES;
				CLANG_WARN_INT_CONVERSION = YES;
				CLANG_WARN_NON_LITERAL_NULL_CONVERSION = YES;
				CLANG_WARN_OBJC_IMPLICIT_RETAIN_SELF = YES;
				CLANG_WARN_OBJC_LITERAL_CONVERSION = YES;
				CLANG_WARN_OBJC_ROOT_CLASS = YES_ERROR;
				CLANG_WARN_RANGE_LOOP_ANALYSIS = YES;
				CLANG_WARN_STRICT_PROTOTYPES = YES;
				CLANG_WARN_SUSPICIOUS_MOVE = YES;
				CLANG_WARN_UNGUARDED_AVAILABILITY = YES_AGGRESSIVE;
				CLANG_WARN_UNREACHABLE_CODE = YES;
				CLANG_WARN__DUPLICATE_METHOD_MATCH = YES;
				COPY_PHASE_STRIP = NO;
				DEBUG_INFORMATION_FORMAT = dwarf;
				ENABLE_STRICT_OBJC_MSGSEND = YES;
				ENABLE_TESTABILITY = YES;
				GCC_C_LANGUAGE_STANDARD = gnu11;
				GCC_DYNAMIC_NO_PIC = NO;
				GCC_NO_COMMON_BLOCKS = YES;
				GCC_OPTIMIZATION_LEVEL = 0;
				GCC_PREPROCESSOR_DEFINITIONS = (
					"DEBUG=1",
					"$(inherited)",
				);
				GCC_WARN_64_TO_32_BIT_CONVERSION = YES;
				GCC_WARN_ABOUT_RETURN_TYPE = YES_ERROR;
				GCC_WARN_UNDECLARED_SELECTOR = YES;
				GCC_WARN_UNINITIALIZED_AUTOS = YES_AGGRESSIVE;
				GCC_WARN_UNUSED_FUNCTION = YES;
				GCC_WARN_UNUSED_VARIABLE = YES;
				MACOSX_DEPLOYMENT_TARGET = 10.15;
				MTL_ENABLE_DEBUG_INFO = INCLUDE_SOURCE;
				MTL_FAST_MATH = YES;
				ONLY_ACTIVE_ARCH = YES;
				SDKROOT = macosx;
			};
			name = Debug;
		};
		A31C5F772575477E00AFB16F /* Release */ = {
			isa = XCBuildConfiguration;
			buildSettings = {
				ALWAYS_SEARCH_USER_PATHS = NO;
				CLANG_ANALYZER_NONNULL = YES;
				CLANG_ANALYZER_NUMBER_OBJECT_CONVERSION = YES_AGGRESSIVE;
				CLANG_CXX_LANGUAGE_STANDARD = "gnu++14";
				CLANG_CXX_LIBRARY = "libc++";
				CLANG_ENABLE_MODULES = YES;
				CLANG_ENABLE_OBJC_ARC = YES;
				CLANG_ENABLE_OBJC_WEAK = YES;
				CLANG_WARN_BLOCK_CAPTURE_AUTORELEASING = YES;
				CLANG_WARN_BOOL_CONVERSION = YES;
				CLANG_WARN_COMMA = YES;
				CLANG_WARN_CONSTANT_CONVERSION = YES;
				CLANG_WARN_DEPRECATED_OBJC_IMPLEMENTATIONS = YES;
				CLANG_WARN_DIRECT_OBJC_ISA_USAGE = YES_ERROR;
				CLANG_WARN_DOCUMENTATION_COMMENTS = YES;
				CLANG_WARN_EMPTY_BODY = YES;
				CLANG_WARN_ENUM_CONVERSION = YES;
				CLANG_WARN_INFINITE_RECURSION = YES;
				CLANG_WARN_INT_CONVERSION = YES;
				CLANG_WARN_NON_LITERAL_NULL_CONVERSION = YES;
				CLANG_WARN_OBJC_IMPLICIT_RETAIN_SELF = YES;
				CLANG_WARN_OBJC_LITERAL_CONVERSION = YES;
				CLANG_WARN_OBJC_ROOT_CLASS = YES_ERROR;
				CLANG_WARN_RANGE_LOOP_ANALYSIS = YES;
				CLANG_WARN_STRICT_PROTOTYPES = YES;
				CLANG_WARN_SUSPICIOUS_MOVE = YES;
				CLANG_WARN_UNGUARDED_AVAILABILITY = YES_AGGRESSIVE;
				CLANG_WARN_UNREACHABLE_CODE = YES;
				CLANG_WARN__DUPLICATE_METHOD_MATCH = YES;
				COPY_PHASE_STRIP = NO;
				DEBUG_INFORMATION_FORMAT = "dwarf-with-dsym";
				ENABLE_NS_ASSERTIONS = NO;
				ENABLE_STRICT_OBJC_MSGSEND = YES;
				GCC_C_LANGUAGE_STANDARD = gnu11;
				GCC_NO_COMMON_BLOCKS = YES;
				GCC_WARN_64_TO_32_BIT_CONVERSION = YES;
				GCC_WARN_ABOUT_RETURN_TYPE = YES_ERROR;
				GCC_WARN_UNDECLARED_SELECTOR = YES;
				GCC_WARN_UNINITIALIZED_AUTOS = YES_AGGRESSIVE;
				GCC_WARN_UNUSED_FUNCTION = YES;
				GCC_WARN_UNUSED_VARIABLE = YES;
				MACOSX_DEPLOYMENT_TARGET = 10.15;
				MTL_ENABLE_DEBUG_INFO = NO;
				MTL_FAST_MATH = YES;
				SDKROOT = macosx;
			};
			name = Release;
		};
		A31C5F792575477E00AFB16F /* Debug */ = {
			isa = XCBuildConfiguration;
			buildSettings = {
				CODE_SIGN_ENTITLEMENTS = task4/task4.entitlements;
				CODE_SIGN_STYLE = Automatic;
				DEVELOPMENT_TEAM = S3U2J6BZWS;
				ENABLE_HARDENED_RUNTIME = YES;
				"HEADER_SEARCH_PATHS[arch=*]" = /usr/local/opt/libomp/include;
				LIBRARY_SEARCH_PATHS = (
					"$(inherited)",
					/usr/local/Cellar/libomp/11.0.0/lib,
				);
				"LIBRARY_SEARCH_PATHS[arch=*]" = /usr/local/opt/libomp/lib;
				"OTHER_CFLAGS[arch=*]" = (
					"-Xpreprocessor",
					"-fopenmp",
				);
				PRODUCT_NAME = "$(TARGET_NAME)";
			};
			name = Debug;
		};
		A31C5F7A2575477E00AFB16F /* Release */ = {
			isa = XCBuildConfiguration;
			buildSettings = {
				CODE_SIGN_ENTITLEMENTS = task4/task4.entitlements;
				CODE_SIGN_STYLE = Automatic;
				DEVELOPMENT_TEAM = S3U2J6BZWS;
				ENABLE_HARDENED_RUNTIME = YES;
				"HEADER_SEARCH_PATHS[arch=*]" = /usr/local/opt/libomp/include;
				LIBRARY_SEARCH_PATHS = (
					"$(inherited)",
					/usr/local/Cellar/libomp/11.0.0/lib,
				);
				"LIBRARY_SEARCH_PATHS[arch=*]" = /usr/local/opt/libomp/lib;
				"OTHER_CFLAGS[arch=*]" = (
					"-Xpreprocessor",
					"-fopenmp",
				);
				PRODUCT_NAME = "$(TARGET_NAME)";
			};
			name = Release;
		};
/* End XCBuildConfiguration section */

/* Begin XCConfigurationList section */
		A31C5F6C2575477E00AFB16F /* Build configuration list for PBXProject "task4" */ = {
			isa = XCConfigurationList;
			buildConfigurations = (
				A31C5F762575477E00AFB16F /* Debug */,
				A31C5F772575477E00AFB16F /* Release */,
			);
			defaultConfigurationIsVisible = 0;
			defaultConfigurationName = Release;
		};
		A31C5F782575477E00AFB16F /* Build configuration list for PBXNativeTarget "task4" */ = {
			isa = XCConfigurationList;
			buildConfigurations = (
				A31C5F792575477E00AFB16F /* Debug */,
				A31C5F7A2575477E00AFB16F /* Release */,
			);
			defaultConfigurationIsVisible = 0;
			defaultConfigurationName = Release;
		};
/* End XCConfigurationList section */
	};
	rootObject = A31C5F692575477E00AFB16F /* Project object */;
}
